// !$*UTF8*$!
{
	archiveVersion = 1;
	classes = {
	};
	objectVersion = 46;
	objects = {

/* Begin PBXBuildFile section */
		D38E898D1A21436400A918AB /* main.m in Sources */ = {isa = PBXBuildFile; fileRef = D38E898C1A21436400A918AB /* main.m */; };
		D38E89901A21436400A918AB /* AppDelegate.m in Sources */ = {isa = PBXBuildFile; fileRef = D38E898F1A21436400A918AB /* AppDelegate.m */; };
		D38E89931A21436400A918AB /* ViewController.m in Sources */ = {isa = PBXBuildFile; fileRef = D38E89921A21436400A918AB /* ViewController.m */; };
		D38E89961A21436400A918AB /* Main.storyboard in Resources */ = {isa = PBXBuildFile; fileRef = D38E89941A21436400A918AB /* Main.storyboard */; };
		D38E89981A21436400A918AB /* Images.xcassets in Resources */ = {isa = PBXBuildFile; fileRef = D38E89971A21436400A918AB /* Images.xcassets */; };
		D38E899B1A21436400A918AB /* LaunchScreen.xib in Resources */ = {isa = PBXBuildFile; fileRef = D38E89991A21436400A918AB /* LaunchScreen.xib */; };
		D38E89A71A21436500A918AB /* SecureChatTests.m in Sources */ = {isa = PBXBuildFile; fileRef = D38E89A61A21436500A918AB /* SecureChatTests.m */; };
/* End PBXBuildFile section */

/* Begin PBXContainerItemProxy section */
		D38E89A11A21436500A918AB /* PBXContainerItemProxy */ = {
			isa = PBXContainerItemProxy;
			containerPortal = D38E897F1A21436400A918AB /* Project object */;
			proxyType = 1;
			remoteGlobalIDString = D38E89861A21436400A918AB;
			remoteInfo = SecureChat;
		};
/* End PBXContainerItemProxy section */

/* Begin PBXFileReference section */
		D38E89871A21436400A918AB /* SecureChat.app */ = {isa = PBXFileReference; explicitFileType = wrapper.application; includeInIndex = 0; path = SecureChat.app; sourceTree = BUILT_PRODUCTS_DIR; };
		D38E898B1A21436400A918AB /* Info.plist */ = {isa = PBXFileReference; lastKnownFileType = text.plist.xml; path = Info.plist; sourceTree = "<group>"; };
		D38E898C1A21436400A918AB /* main.m */ = {isa = PBXFileReference; lastKnownFileType = sourcecode.c.objc; path = main.m; sourceTree = "<group>"; };
		D38E898E1A21436400A918AB /* AppDelegate.h */ = {isa = PBXFileReference; lastKnownFileType = sourcecode.c.h; path = AppDelegate.h; sourceTree = "<group>"; };
		D38E898F1A21436400A918AB /* AppDelegate.m */ = {isa = PBXFileReference; lastKnownFileType = sourcecode.c.objc; path = AppDelegate.m; sourceTree = "<group>"; };
		D38E89911A21436400A918AB /* ViewController.h */ = {isa = PBXFileReference; lastKnownFileType = sourcecode.c.h; path = ViewController.h; sourceTree = "<group>"; };
		D38E89921A21436400A918AB /* ViewController.m */ = {isa = PBXFileReference; lastKnownFileType = sourcecode.c.objc; path = ViewController.m; sourceTree = "<group>"; };
		D38E89951A21436400A918AB /* Base */ = {isa = PBXFileReference; lastKnownFileType = file.storyboard; name = Base; path = Base.lproj/Main.storyboard; sourceTree = "<group>"; };
		D38E89971A21436400A918AB /* Images.xcassets */ = {isa = PBXFileReference; lastKnownFileType = folder.assetcatalog; path = Images.xcassets; sourceTree = "<group>"; };
		D38E899A1A21436400A918AB /* Base */ = {isa = PBXFileReference; lastKnownFileType = file.xib; name = Base; path = Base.lproj/LaunchScreen.xib; sourceTree = "<group>"; };
		D38E89A01A21436500A918AB /* SecureChatTests.xctest */ = {isa = PBXFileReference; explicitFileType = wrapper.cfbundle; includeInIndex = 0; path = SecureChatTests.xctest; sourceTree = BUILT_PRODUCTS_DIR; };
		D38E89A51A21436500A918AB /* Info.plist */ = {isa = PBXFileReference; lastKnownFileType = text.plist.xml; path = Info.plist; sourceTree = "<group>"; };
		D38E89A61A21436500A918AB /* SecureChatTests.m */ = {isa = PBXFileReference; lastKnownFileType = sourcecode.c.objc; path = SecureChatTests.m; sourceTree = "<group>"; };
/* End PBXFileReference section */

/* Begin PBXFrameworksBuildPhase section */
		D38E89841A21436400A918AB /* Frameworks */ = {
			isa = PBXFrameworksBuildPhase;
			buildActionMask = 2147483647;
			files = (
			);
			runOnlyForDeploymentPostprocessing = 0;
		};
		D38E899D1A21436500A918AB /* Frameworks */ = {
			isa = PBXFrameworksBuildPhase;
			buildActionMask = 2147483647;
			files = (
			);
			runOnlyForDeploymentPostprocessing = 0;
		};
/* End PBXFrameworksBuildPhase section */

/* Begin PBXGroup section */
		D38E897E1A21436400A918AB = {
			isa = PBXGroup;
			children = (
				D38E89891A21436400A918AB /* SecureChat */,
				D38E89A31A21436500A918AB /* SecureChatTests */,
				D38E89881A21436400A918AB /* Products */,
			);
			sourceTree = "<group>";
		};
		D38E89881A21436400A918AB /* Products */ = {
			isa = PBXGroup;
			children = (
				D38E89871A21436400A918AB /* SecureChat.app */,
				D38E89A01A21436500A918AB /* SecureChatTests.xctest */,
			);
			name = Products;
			sourceTree = "<group>";
		};
		D38E89891A21436400A918AB /* SecureChat */ = {
			isa = PBXGroup;
			children = (
				D38E898E1A21436400A918AB /* AppDelegate.h */,
				D38E898F1A21436400A918AB /* AppDelegate.m */,
				D38E89911A21436400A918AB /* ViewController.h */,
				D38E89921A21436400A918AB /* ViewController.m */,
				D38E89941A21436400A918AB /* Main.storyboard */,
				D38E89971A21436400A918AB /* Images.xcassets */,
				D38E89991A21436400A918AB /* LaunchScreen.xib */,
				D38E898A1A21436400A918AB /* Supporting Files */,
			);
			path = SecureChat;
			sourceTree = "<group>";
		};
		D38E898A1A21436400A918AB /* Supporting Files */ = {
			isa = PBXGroup;
			children = (
				D38E898B1A21436400A918AB /* Info.plist */,
				D38E898C1A21436400A918AB /* main.m */,
			);
			name = "Supporting Files";
			sourceTree = "<group>";
		};
		D38E89A31A21436500A918AB /* SecureChatTests */ = {
			isa = PBXGroup;
			children = (
				D38E89A61A21436500A918AB /* SecureChatTests.m */,
				D38E89A41A21436500A918AB /* Supporting Files */,
			);
			path = SecureChatTests;
			sourceTree = "<group>";
		};
		D38E89A41A21436500A918AB /* Supporting Files */ = {
			isa = PBXGroup;
			children = (
				D38E89A51A21436500A918AB /* Info.plist */,
			);
			name = "Supporting Files";
			sourceTree = "<group>";
		};
/* End PBXGroup section */

/* Begin PBXNativeTarget section */
		D38E89861A21436400A918AB /* SecureChat */ = {
			isa = PBXNativeTarget;
			buildConfigurationList = D38E89AA1A21436500A918AB /* Build configuration list for PBXNativeTarget "SecureChat" */;
			buildPhases = (
				D38E89831A21436400A918AB /* Sources */,
				D38E89841A21436400A918AB /* Frameworks */,
				D38E89851A21436400A918AB /* Resources */,
			);
			buildRules = (
			);
			dependencies = (
			);
			name = SecureChat;
			productName = SecureChat;
			productReference = D38E89871A21436400A918AB /* SecureChat.app */;
			productType = "com.apple.product-type.application";
		};
		D38E899F1A21436500A918AB /* SecureChatTests */ = {
			isa = PBXNativeTarget;
			buildConfigurationList = D38E89AD1A21436500A918AB /* Build configuration list for PBXNativeTarget "SecureChatTests" */;
			buildPhases = (
				D38E899C1A21436500A918AB /* Sources */,
				D38E899D1A21436500A918AB /* Frameworks */,
				D38E899E1A21436500A918AB /* Resources */,
			);
			buildRules = (
			);
			dependencies = (
				D38E89A21A21436500A918AB /* PBXTargetDependency */,
			);
			name = SecureChatTests;
			productName = SecureChatTests;
			productReference = D38E89A01A21436500A918AB /* SecureChatTests.xctest */;
			productType = "com.apple.product-type.bundle.unit-test";
		};
/* End PBXNativeTarget section */

/* Begin PBXProject section */
		D38E897F1A21436400A918AB /* Project object */ = {
			isa = PBXProject;
			attributes = {
				LastUpgradeCheck = 0610;
				ORGANIZATIONNAME = "Brian Bosak";
				TargetAttributes = {
					D38E89861A21436400A918AB = {
						CreatedOnToolsVersion = 6.1;
						DevelopmentTeam = G8GKC6MB78;
					};
					D38E899F1A21436500A918AB = {
						CreatedOnToolsVersion = 6.1;
						TestTargetID = D38E89861A21436400A918AB;
					};
				};
			};
			buildConfigurationList = D38E89821A21436400A918AB /* Build configuration list for PBXProject "SecureChat" */;
			compatibilityVersion = "Xcode 3.2";
			developmentRegion = English;
			hasScannedForEncodings = 0;
			knownRegions = (
				en,
				Base,
			);
			mainGroup = D38E897E1A21436400A918AB;
			productRefGroup = D38E89881A21436400A918AB /* Products */;
			projectDirPath = "";
			projectRoot = "";
			targets = (
				D38E89861A21436400A918AB /* SecureChat */,
				D38E899F1A21436500A918AB /* SecureChatTests */,
			);
		};
/* End PBXProject section */

/* Begin PBXResourcesBuildPhase section */
		D38E89851A21436400A918AB /* Resources */ = {
			isa = PBXResourcesBuildPhase;
			buildActionMask = 2147483647;
			files = (
				D38E89961A21436400A918AB /* Main.storyboard in Resources */,
				D38E899B1A21436400A918AB /* LaunchScreen.xib in Resources */,
				D38E89981A21436400A918AB /* Images.xcassets in Resources */,
			);
			runOnlyForDeploymentPostprocessing = 0;
		};
		D38E899E1A21436500A918AB /* Resources */ = {
			isa = PBXResourcesBuildPhase;
			buildActionMask = 2147483647;
			files = (
			);
			runOnlyForDeploymentPostprocessing = 0;
		};
/* End PBXResourcesBuildPhase section */

/* Begin PBXSourcesBuildPhase section */
		D38E89831A21436400A918AB /* Sources */ = {
			isa = PBXSourcesBuildPhase;
			buildActionMask = 2147483647;
			files = (
				D38E89931A21436400A918AB /* ViewController.m in Sources */,
				D38E89901A21436400A918AB /* AppDelegate.m in Sources */,
				D38E898D1A21436400A918AB /* main.m in Sources */,
			);
			runOnlyForDeploymentPostprocessing = 0;
		};
		D38E899C1A21436500A918AB /* Sources */ = {
			isa = PBXSourcesBuildPhase;
			buildActionMask = 2147483647;
			files = (
				D38E89A71A21436500A918AB /* SecureChatTests.m in Sources */,
			);
			runOnlyForDeploymentPostprocessing = 0;
		};
/* End PBXSourcesBuildPhase section */

/* Begin PBXTargetDependency section */
		D38E89A21A21436500A918AB /* PBXTargetDependency */ = {
			isa = PBXTargetDependency;
			target = D38E89861A21436400A918AB /* SecureChat */;
			targetProxy = D38E89A11A21436500A918AB /* PBXContainerItemProxy */;
		};
/* End PBXTargetDependency section */

/* Begin PBXVariantGroup section */
		D38E89941A21436400A918AB /* Main.storyboard */ = {
			isa = PBXVariantGroup;
			children = (
				D38E89951A21436400A918AB /* Base */,
			);
			name = Main.storyboard;
			sourceTree = "<group>";
		};
		D38E89991A21436400A918AB /* LaunchScreen.xib */ = {
			isa = PBXVariantGroup;
			children = (
				D38E899A1A21436400A918AB /* Base */,
			);
			name = LaunchScreen.xib;
			sourceTree = "<group>";
		};
/* End PBXVariantGroup section */

/* Begin XCBuildConfiguration section */
		D38E89A81A21436500A918AB /* Debug */ = {
			isa = XCBuildConfiguration;
			buildSettings = {
				ALWAYS_SEARCH_USER_PATHS = NO;
				CLANG_CXX_LANGUAGE_STANDARD = "gnu++0x";
				CLANG_CXX_LIBRARY = "libc++";
				CLANG_ENABLE_MODULES = YES;
				CLANG_ENABLE_OBJC_ARC = YES;
				CLANG_WARN_BOOL_CONVERSION = YES;
				CLANG_WARN_CONSTANT_CONVERSION = YES;
				CLANG_WARN_DIRECT_OBJC_ISA_USAGE = YES_ERROR;
				CLANG_WARN_EMPTY_BODY = YES;
				CLANG_WARN_ENUM_CONVERSION = YES;
				CLANG_WARN_INT_CONVERSION = YES;
				CLANG_WARN_OBJC_ROOT_CLASS = YES_ERROR;
				CLANG_WARN_UNREACHABLE_CODE = YES;
				CLANG_WARN__DUPLICATE_METHOD_MATCH = YES;
				"CODE_SIGN_IDENTITY[sdk=iphoneos*]" = "iPhone Developer";
				COPY_PHASE_STRIP = NO;
				ENABLE_STRICT_OBJC_MSGSEND = YES;
				GCC_C_LANGUAGE_STANDARD = gnu99;
				GCC_DYNAMIC_NO_PIC = NO;
				GCC_OPTIMIZATION_LEVEL = 0;
				GCC_PREPROCESSOR_DEFINITIONS = (
					"DEBUG=1",
					"$(inherited)",
				);
				GCC_SYMBOLS_PRIVATE_EXTERN = NO;
				GCC_WARN_64_TO_32_BIT_CONVERSION = YES;
				GCC_WARN_ABOUT_RETURN_TYPE = YES_ERROR;
				GCC_WARN_UNDECLARED_SELECTOR = YES;
				GCC_WARN_UNINITIALIZED_AUTOS = YES_AGGRESSIVE;
				GCC_WARN_UNUSED_FUNCTION = YES;
				GCC_WARN_UNUSED_VARIABLE = YES;
				IPHONEOS_DEPLOYMENT_TARGET = 8.1;
				MTL_ENABLE_DEBUG_INFO = YES;
				ONLY_ACTIVE_ARCH = YES;
				SDKROOT = iphoneos;
				TARGETED_DEVICE_FAMILY = "1,2";
			};
			name = Debug;
		};
		D38E89A91A21436500A918AB /* Release */ = {
			isa = XCBuildConfiguration;
			buildSettings = {
				ALWAYS_SEARCH_USER_PATHS = NO;
				CLANG_CXX_LANGUAGE_STANDARD = "gnu++0x";
				CLANG_CXX_LIBRARY = "libc++";
				CLANG_ENABLE_MODULES = YES;
				CLANG_ENABLE_OBJC_ARC = YES;
				CLANG_WARN_BOOL_CONVERSION = YES;
				CLANG_WARN_CONSTANT_CONVERSION = YES;
				CLANG_WARN_DIRECT_OBJC_ISA_USAGE = YES_ERROR;
				CLANG_WARN_EMPTY_BODY = YES;
				CLANG_WARN_ENUM_CONVERSION = YES;
				CLANG_WARN_INT_CONVERSION = YES;
				CLANG_WARN_OBJC_ROOT_CLASS = YES_ERROR;
				CLANG_WARN_UNREACHABLE_CODE = YES;
				CLANG_WARN__DUPLICATE_METHOD_MATCH = YES;
				"CODE_SIGN_IDENTITY[sdk=iphoneos*]" = "iPhone Developer";
				COPY_PHASE_STRIP = YES;
				ENABLE_NS_ASSERTIONS = NO;
				ENABLE_STRICT_OBJC_MSGSEND = YES;
				GCC_C_LANGUAGE_STANDARD = gnu99;
				GCC_WARN_64_TO_32_BIT_CONVERSION = YES;
				GCC_WARN_ABOUT_RETURN_TYPE = YES_ERROR;
				GCC_WARN_UNDECLARED_SELECTOR = YES;
				GCC_WARN_UNINITIALIZED_AUTOS = YES_AGGRESSIVE;
				GCC_WARN_UNUSED_FUNCTION = YES;
				GCC_WARN_UNUSED_VARIABLE = YES;
				IPHONEOS_DEPLOYMENT_TARGET = 8.1;
				MTL_ENABLE_DEBUG_INFO = NO;
				SDKROOT = iphoneos;
				TARGETED_DEVICE_FAMILY = "1,2";
				VALIDATE_PRODUCT = YES;
			};
			name = Release;
		};
		D38E89AB1A21436500A918AB /* Debug */ = {
			isa = XCBuildConfiguration;
			buildSettings = {
				ASSETCATALOG_COMPILER_APPICON_NAME = AppIcon;
				INFOPLIST_FILE = SecureChat/Info.plist;
				LD_RUNPATH_SEARCH_PATHS = "$(inherited) @executable_path/Frameworks";
				PRODUCT_NAME = "$(TARGET_NAME)";
			};
			name = Debug;
		};
		D38E89AC1A21436500A918AB /* Release */ = {
			isa = XCBuildConfiguration;
			buildSettings = {
				ASSETCATALOG_COMPILER_APPICON_NAME = AppIcon;
				INFOPLIST_FILE = SecureChat/Info.plist;
				LD_RUNPATH_SEARCH_PATHS = "$(inherited) @executable_path/Frameworks";
				PRODUCT_NAME = "$(TARGET_NAME)";
			};
			name = Release;
		};
		D38E89AE1A21436500A918AB /* Debug */ = {
			isa = XCBuildConfiguration;
			buildSettings = {
				BUNDLE_LOADER = "$(TEST_HOST)";
				FRAMEWORK_SEARCH_PATHS = (
					"$(SDKROOT)/Developer/Library/Frameworks",
					"$(inherited)",
				);
				GCC_PREPROCESSOR_DEFINITIONS = (
					"DEBUG=1",
					"$(inherited)",
				);
				INFOPLIST_FILE = SecureChatTests/Info.plist;
				LD_RUNPATH_SEARCH_PATHS = "$(inherited) @executable_path/Frameworks @loader_path/Frameworks";
				PRODUCT_NAME = "$(TARGET_NAME)";
				TEST_HOST = "$(BUILT_PRODUCTS_DIR)/SecureChat.app/SecureChat";
			};
			name = Debug;
		};
		D38E89AF1A21436500A918AB /* Release */ = {
			isa = XCBuildConfiguration;
			buildSettings = {
				BUNDLE_LOADER = "$(TEST_HOST)";
				FRAMEWORK_SEARCH_PATHS = (
					"$(SDKROOT)/Developer/Library/Frameworks",
					"$(inherited)",
				);
				INFOPLIST_FILE = SecureChatTests/Info.plist;
				LD_RUNPATH_SEARCH_PATHS = "$(inherited) @executable_path/Frameworks @loader_path/Frameworks";
				PRODUCT_NAME = "$(TARGET_NAME)";
				TEST_HOST = "$(BUILT_PRODUCTS_DIR)/SecureChat.app/SecureChat";
			};
			name = Release;
		};
/* End XCBuildConfiguration section */

/* Begin XCConfigurationList section */
		D38E89821A21436400A918AB /* Build configuration list for PBXProject "SecureChat" */ = {
			isa = XCConfigurationList;
			buildConfigurations = (
				D38E89A81A21436500A918AB /* Debug */,
				D38E89A91A21436500A918AB /* Release */,
			);
			defaultConfigurationIsVisible = 0;
			defaultConfigurationName = Release;
		};
		D38E89AA1A21436500A918AB /* Build configuration list for PBXNativeTarget "SecureChat" */ = {
			isa = XCConfigurationList;
			buildConfigurations = (
				D38E89AB1A21436500A918AB /* Debug */,
				D38E89AC1A21436500A918AB /* Release */,
			);
			defaultConfigurationIsVisible = 0;
		};
		D38E89AD1A21436500A918AB /* Build configuration list for PBXNativeTarget "SecureChatTests" */ = {
			isa = XCConfigurationList;
			buildConfigurations = (
				D38E89AE1A21436500A918AB /* Debug */,
				D38E89AF1A21436500A918AB /* Release */,
			);
			defaultConfigurationIsVisible = 0;
		};
/* End XCConfigurationList section */
	};
	rootObject = D38E897F1A21436400A918AB /* Project object */;
}
